{
  "requires": true,
  "lockfileVersion": 1,
  "dependencies": {
    "es6-object-assign": {
      "version": "1.1.0",
      "resolved": "https://registry.npmjs.org/es6-object-assign/-/es6-object-assign-1.1.0.tgz",
      "integrity": "sha1-wsNYJlYkfDnqEHyx5mUrb58kUjw="
    },
    "node-laravel": {
      "version": "0.9.6",
      "resolved": "https://registry.npmjs.org/node-laravel/-/node-laravel-0.9.6.tgz",
      "integrity": "sha512-NVjGhJGKL9idnp59zzheiHGtjNqopaLlTL63RFEc/JyvKJTmd9RCDJB7VpK5s7OzKNvFhNzwfjpvn/w+PsP4uA=="
    },
    "promise-polyfill": {
      "version": "6.1.0",
      "resolved": "https://registry.npmjs.org/promise-polyfill/-/promise-polyfill-6.1.0.tgz",
      "integrity": "sha1-36lpQ+qcEh/KTem1hoyznTRy4Fc="
    },
    "sweetalert2": {
      "version": "9.14.3",
      "resolved": "https://registry.npmjs.org/sweetalert2/-/sweetalert2-9.14.3.tgz",
      "integrity": "sha512-K3rXlA5EnKUDpAHbnRlyWGFb8kg1gfhY7bnD/rZlXUW+OZjrxbFOyL/zn1AB++FS9QK9AFqP81kFh4/EBhUcuw=="
    }
  }
}
